{
    "_readme": [
        "This file locks the dependencies of your project to a known state",
        "Read more about it at https://getcomposer.org/doc/01-basic-usage.md#composer-lock-the-lock-file",
        "This file is @generated automatically"
    ],
    "content-hash": "91152d0ebdb9777f62105a92279f4510",
    "packages": [
        {
            "name": "husseinalhammad/fontawesome-svg",
            "version": "1.1",
            "source": {
                "type": "git",
                "url": "https://github.com/husseinalhammad/FontAwesomeSVG-PHP.git",
                "reference": "b901030fa1ce871cac809c7540be8688efbd11c6"
            },
            "dist": {
                "type": "zip",
                "url": "https://api.github.com/repos/husseinalhammad/FontAwesomeSVG-PHP/zipball/b901030fa1ce871cac809c7540be8688efbd11c6",
                "reference": "b901030fa1ce871cac809c7540be8688efbd11c6",
                "shasum": ""
            },
            "require": {
                "php": ">=5.3.0"
            },
            "type": "library",
            "autoload": {
                "classmap": [
                    "src"
                ]
            },
            "notification-url": "https://packagist.org/downloads/",
            "authors": [
                {
                    "name": "Hussein Al Hammad",
                    "email": "contact@hussein-alhammad.com",
                    "homepage": "https://hussein-alhammad.com"
                }
            ],
            "description": "PHP class to add Font Awesome 5+'s SVG icons inline without Javascript.",
            "homepage": "https://github.com/husseinalhammad/FontAwesomeSVG-PHP",
            "keywords": [
                "FontAwesome",
                "svg"
            ],
            "time": "2019-12-30T07:05:00+00:00"
        }
    ],
    "packages-dev": [],
    "aliases": [],
    "minimum-stability": "stable",
    "stability-flags": [],
    "prefer-stable": false,
    "prefer-lowest": false,
    "platform": [],
    "platform-dev": []
}
